
Microsoft Visual Studio Solution File, Format Version 12.00
# Visual Studio 2012
Project("{FAE04EC0-301F-11D3-BF4B-00C04F79EFBC}") = "Question set 4", "Question set 4\Question set 4.csproj", "{6CCBB1A1-5E2E-4EAD-9F36-2333922A98FF}"
EndProject
Global
	GlobalSection(SolutionConfigurationPlatforms) = preSolution
		Debug|Any CPU = Debug|Any CPU
		Release|Any CPU = Release|Any CPU
	EndGlobalSection
	GlobalSection(ProjectConfigurationPlatforms) = postSolution
		{6CCBB1A1-5E2E-4EAD-9F36-2333922A98FF}.Debug|Any CPU.ActiveCfg = Debug|Any CPU
		{6CCBB1A1-5E2E-4EAD-9F36-2333922A98FF}.Debug|Any CPU.Build.0 = Debug|Any CPU
		{6CCBB1A1-5E2E-4EAD-9F36-2333922A98FF}.Release|Any CPU.ActiveCfg = Release|Any CPU
		{6CCBB1A1-5E2E-4EAD-9F36-2333922A98FF}.Release|Any CPU.Build.0 = Release|Any CPU
	EndGlobalSection
	GlobalSection(SolutionProperties) = preSolution
		HideSolutionNode = FALSE
	EndGlobalSection
EndGlobal
